// !$*UTF8*$!
{
	archiveVersion = 1;
	classes = {
	};
	objectVersion = 46;
	objects = {

/* Begin PBXBuildFile section */
		2400025717F274F800097802 /* Foundation.framework in Frameworks */ = {isa = PBXBuildFile; fileRef = 2400025617F274F800097802 /* Foundation.framework */; };
		2400025917F274F800097802 /* CoreGraphics.framework in Frameworks */ = {isa = PBXBuildFile; fileRef = 2400025817F274F800097802 /* CoreGraphics.framework */; };
		2400025B17F274F800097802 /* UIKit.framework in Frameworks */ = {isa = PBXBuildFile; fileRef = 2400025A17F274F800097802 /* UIKit.framework */; };
		2400026117F274F800097802 /* InfoPlist.strings in Resources */ = {isa = PBXBuildFile; fileRef = 2400025F17F274F800097802 /* InfoPlist.strings */; };
		2400026317F274F800097802 /* main.m in Sources */ = {isa = PBXBuildFile; fileRef = 2400026217F274F800097802 /* main.m */; };
		2400026717F274F800097802 /* AppDelegate.m in Sources */ = {isa = PBXBuildFile; fileRef = 2400026617F274F800097802 /* AppDelegate.m */; };
		2400026A17F274F800097802 /* Main_iPhone.storyboard in Resources */ = {isa = PBXBuildFile; fileRef = 2400026817F274F800097802 /* Main_iPhone.storyboard */; };
		2400026D17F274F800097802 /* Main_iPad.storyboard in Resources */ = {isa = PBXBuildFile; fileRef = 2400026B17F274F800097802 /* Main_iPad.storyboard */; };
		2400027217F274F900097802 /* Images.xcassets in Resources */ = {isa = PBXBuildFile; fileRef = 2400027117F274F900097802 /* Images.xcassets */; };
		2400027917F274F900097802 /* XCTest.framework in Frameworks */ = {isa = PBXBuildFile; fileRef = 2400027817F274F900097802 /* XCTest.framework */; };
		2400027A17F274F900097802 /* Foundation.framework in Frameworks */ = {isa = PBXBuildFile; fileRef = 2400025617F274F800097802 /* Foundation.framework */; };
		2400027B17F274F900097802 /* UIKit.framework in Frameworks */ = {isa = PBXBuildFile; fileRef = 2400025A17F274F800097802 /* UIKit.framework */; };
		2400028317F274F900097802 /* InfoPlist.strings in Resources */ = {isa = PBXBuildFile; fileRef = 2400028117F274F900097802 /* InfoPlist.strings */; };
		2400028F17F2754200097802 /* AuthenticationManagerTests.m in Sources */ = {isa = PBXBuildFile; fileRef = 2400028E17F2754200097802 /* AuthenticationManagerTests.m */; };
		2400029217F2754F00097802 /* AuthenticationManager.m in Sources */ = {isa = PBXBuildFile; fileRef = 2400029117F2754F00097802 /* AuthenticationManager.m */; };
		2400029617F27DC900097802 /* Session.m in Sources */ = {isa = PBXBuildFile; fileRef = 2400029517F27DC900097802 /* Session.m */; };
		2400029717F27DC900097802 /* Session.m in Sources */ = {isa = PBXBuildFile; fileRef = 2400029517F27DC900097802 /* Session.m */; };
		2400029917F27DD600097802 /* SessionTests.m in Sources */ = {isa = PBXBuildFile; fileRef = 2400029817F27DD600097802 /* SessionTests.m */; };
		240269B818038361002A73C3 /* SliderMenuBar.m in Sources */ = {isa = PBXBuildFile; fileRef = 240269AE18038361002A73C3 /* SliderMenuBar.m */; };
		240269B918038361002A73C3 /* SliderMenuController.m in Sources */ = {isa = PBXBuildFile; fileRef = 240269B018038361002A73C3 /* SliderMenuController.m */; };
		240269BA18038361002A73C3 /* SliderMenuItem.m in Sources */ = {isa = PBXBuildFile; fileRef = 240269B218038361002A73C3 /* SliderMenuItem.m */; };
		240269BB18038361002A73C3 /* SliderViewController.m in Sources */ = {isa = PBXBuildFile; fileRef = 240269B518038361002A73C3 /* SliderViewController.m */; };
		240269BC18038361002A73C3 /* UIImage+ColorImage.m in Sources */ = {isa = PBXBuildFile; fileRef = 240269B718038361002A73C3 /* UIImage+ColorImage.m */; };
		240269C71803878D002A73C3 /* Mathematic-Plus-icon.png in Resources */ = {isa = PBXBuildFile; fileRef = 240269C41803878D002A73C3 /* Mathematic-Plus-icon.png */; };
		240269C81803878D002A73C3 /* System-Login-icon.png in Resources */ = {isa = PBXBuildFile; fileRef = 240269C51803878D002A73C3 /* System-Login-icon.png */; };
		240269C91803878D002A73C3 /* Buzz-Private-icon.png in Resources */ = {isa = PBXBuildFile; fileRef = 240269C61803878D002A73C3 /* Buzz-Private-icon.png */; };
		2406542F17FBC7920082E06A /* HomeViewController.m in Sources */ = {isa = PBXBuildFile; fileRef = 2406542E17FBC7920082E06A /* HomeViewController.m */; };
		2406543317FBC9C30082E06A /* SignUpViewController.m in Sources */ = {isa = PBXBuildFile; fileRef = 2406543217FBC9C30082E06A /* SignUpViewController.m */; };
		242E66DB18034E8900B8722F /* ResetPasswordViewController.m in Sources */ = {isa = PBXBuildFile; fileRef = 242E66DA18034E8900B8722F /* ResetPasswordViewController.m */; };
		2433209817FCF837009F9E2A /* Security.framework in Frameworks */ = {isa = PBXBuildFile; fileRef = 2433209717FCF837009F9E2A /* Security.framework */; };
		2433209F17FCFFB5009F9E2A /* KeychainItemWrapper.m in Sources */ = {isa = PBXBuildFile; fileRef = 2433209E17FCFFB5009F9E2A /* KeychainItemWrapper.m */; };
		24482A9E17FD242E00E788D9 /* AppDelegateTests.m in Sources */ = {isa = PBXBuildFile; fileRef = 24482A9D17FD242E00E788D9 /* AppDelegateTests.m */; };
		24482AA017FE210200E788D9 /* SignUpViewControllerTests.m in Sources */ = {isa = PBXBuildFile; fileRef = 24482A9F17FE210200E788D9 /* SignUpViewControllerTests.m */; };
		24686B1517F28A2400400634 /* NetCommunicator.m in Sources */ = {isa = PBXBuildFile; fileRef = 24686B1417F28A2400400634 /* NetCommunicator.m */; };
		24686B2217F296ED00400634 /* libOCMock.a in Frameworks */ = {isa = PBXBuildFile; fileRef = 24686B2117F296ED00400634 /* libOCMock.a */; };
		24A80B3A180508EC00B87350 /* ResetPasswordViewControllerTests.m in Sources */ = {isa = PBXBuildFile; fileRef = 24A80B39180508EC00B87350 /* ResetPasswordViewControllerTests.m */; };
		24CAD31E17FB7AFD003D2A5D /* LoginViewControllerTests.m in Sources */ = {isa = PBXBuildFile; fileRef = 24CAD31D17FB7AFD003D2A5D /* LoginViewControllerTests.m */; };
		24CAD32117FB7B0C003D2A5D /* LoginViewController.m in Sources */ = {isa = PBXBuildFile; fileRef = 24CAD32017FB7B0C003D2A5D /* LoginViewController.m */; };
		24EE4E1E1804E4970090FB21 /* logoutSegue.m in Sources */ = {isa = PBXBuildFile; fileRef = 24EE4E1D1804E4970090FB21 /* logoutSegue.m */; };
		24EE4E211804EB0A0090FB21 /* LoginSliderMenuViewController.m in Sources */ = {isa = PBXBuildFile; fileRef = 24EE4E201804EB0A0090FB21 /* LoginSliderMenuViewController.m */; };
		24F665B917F68D0B00405CF9 /* NetCommunicatorTests.m in Sources */ = {isa = PBXBuildFile; fileRef = 24F665B817F68D0B00405CF9 /* NetCommunicatorTests.m */; };
		24F665C117F78A5A00405CF9 /* MockNetCommunicatorDelegate.m in Sources */ = {isa = PBXBuildFile; fileRef = 24F665C017F78A5A00405CF9 /* MockNetCommunicatorDelegate.m */; };
		24F665C917F7E47B00405CF9 /* MockAuthenticationManagerDelegate.m in Sources */ = {isa = PBXBuildFile; fileRef = 24F665C817F7E47B00405CF9 /* MockAuthenticationManagerDelegate.m */; };
/* End PBXBuildFile section */

/* Begin PBXContainerItemProxy section */
		2400027C17F274F900097802 /* PBXContainerItemProxy */ = {
			isa = PBXContainerItemProxy;
			containerPortal = 2400024B17F274F800097802 /* Project object */;
			proxyType = 1;
			remoteGlobalIDString = 2400025217F274F800097802;
			remoteInfo = "iOS-login-boilerplate";
		};
/* End PBXContainerItemProxy section */

/* Begin PBXFileReference section */
		2400025317F274F800097802 /* iOS-login-boilerplate.app */ = {isa = PBXFileReference; explicitFileType = wrapper.application; includeInIndex = 0; path = "iOS-login-boilerplate.app"; sourceTree = BUILT_PRODUCTS_DIR; };
		2400025617F274F800097802 /* Foundation.framework */ = {isa = PBXFileReference; lastKnownFileType = wrapper.framework; name = Foundation.framework; path = System/Library/Frameworks/Foundation.framework; sourceTree = SDKROOT; };
		2400025817F274F800097802 /* CoreGraphics.framework */ = {isa = PBXFileReference; lastKnownFileType = wrapper.framework; name = CoreGraphics.framework; path = System/Library/Frameworks/CoreGraphics.framework; sourceTree = SDKROOT; };
		2400025A17F274F800097802 /* UIKit.framework */ = {isa = PBXFileReference; lastKnownFileType = wrapper.framework; name = UIKit.framework; path = System/Library/Frameworks/UIKit.framework; sourceTree = SDKROOT; };
		2400025E17F274F800097802 /* iOS-login-boilerplate-Info.plist */ = {isa = PBXFileReference; lastKnownFileType = text.plist.xml; path = "iOS-login-boilerplate-Info.plist"; sourceTree = "<group>"; };
		2400026017F274F800097802 /* en */ = {isa = PBXFileReference; lastKnownFileType = text.plist.strings; name = en; path = en.lproj/InfoPlist.strings; sourceTree = "<group>"; };
		2400026217F274F800097802 /* main.m */ = {isa = PBXFileReference; lastKnownFileType = sourcecode.c.objc; path = main.m; sourceTree = "<group>"; };
		2400026417F274F800097802 /* iOS-login-boilerplate-Prefix.pch */ = {isa = PBXFileReference; lastKnownFileType = sourcecode.c.h; path = "iOS-login-boilerplate-Prefix.pch"; sourceTree = "<group>"; };
		2400026517F274F800097802 /* AppDelegate.h */ = {isa = PBXFileReference; lastKnownFileType = sourcecode.c.h; path = AppDelegate.h; sourceTree = "<group>"; };
		2400026617F274F800097802 /* AppDelegate.m */ = {isa = PBXFileReference; lastKnownFileType = sourcecode.c.objc; path = AppDelegate.m; sourceTree = "<group>"; };
		2400026917F274F800097802 /* Base */ = {isa = PBXFileReference; lastKnownFileType = file.storyboard; name = Base; path = Base.lproj/Main_iPhone.storyboard; sourceTree = "<group>"; };
		2400026C17F274F800097802 /* Base */ = {isa = PBXFileReference; lastKnownFileType = file.storyboard; name = Base; path = Base.lproj/Main_iPad.storyboard; sourceTree = "<group>"; };
		2400027117F274F900097802 /* Images.xcassets */ = {isa = PBXFileReference; lastKnownFileType = folder.assetcatalog; path = Images.xcassets; sourceTree = "<group>"; };
		2400027717F274F900097802 /* iOS-login-boilerplateTests.xctest */ = {isa = PBXFileReference; explicitFileType = wrapper.cfbundle; includeInIndex = 0; path = "iOS-login-boilerplateTests.xctest"; sourceTree = BUILT_PRODUCTS_DIR; };
		2400027817F274F900097802 /* XCTest.framework */ = {isa = PBXFileReference; lastKnownFileType = wrapper.framework; name = XCTest.framework; path = Library/Frameworks/XCTest.framework; sourceTree = DEVELOPER_DIR; };
		2400028017F274F900097802 /* iOS-login-boilerplateTests-Info.plist */ = {isa = PBXFileReference; lastKnownFileType = text.plist.xml; path = "iOS-login-boilerplateTests-Info.plist"; sourceTree = "<group>"; };
		2400028217F274F900097802 /* en */ = {isa = PBXFileReference; lastKnownFileType = text.plist.strings; name = en; path = en.lproj/InfoPlist.strings; sourceTree = "<group>"; };
		2400028E17F2754200097802 /* AuthenticationManagerTests.m */ = {isa = PBXFileReference; fileEncoding = 4; lastKnownFileType = sourcecode.c.objc; path = AuthenticationManagerTests.m; sourceTree = "<group>"; };
		2400029017F2754F00097802 /* AuthenticationManager.h */ = {isa = PBXFileReference; fileEncoding = 4; lastKnownFileType = sourcecode.c.h; path = AuthenticationManager.h; sourceTree = "<group>"; };
		2400029117F2754F00097802 /* AuthenticationManager.m */ = {isa = PBXFileReference; fileEncoding = 4; lastKnownFileType = sourcecode.c.objc; path = AuthenticationManager.m; sourceTree = "<group>"; };
		2400029417F27DC900097802 /* Session.h */ = {isa = PBXFileReference; fileEncoding = 4; lastKnownFileType = sourcecode.c.h; path = Session.h; sourceTree = "<group>"; };
		2400029517F27DC900097802 /* Session.m */ = {isa = PBXFileReference; fileEncoding = 4; lastKnownFileType = sourcecode.c.objc; path = Session.m; sourceTree = "<group>"; };
		2400029817F27DD600097802 /* SessionTests.m */ = {isa = PBXFileReference; fileEncoding = 4; lastKnownFileType = sourcecode.c.objc; path = SessionTests.m; sourceTree = "<group>"; };
		240269AD18038361002A73C3 /* SliderMenuBar.h */ = {isa = PBXFileReference; fileEncoding = 4; lastKnownFileType = sourcecode.c.h; path = SliderMenuBar.h; sourceTree = "<group>"; };
		240269AE18038361002A73C3 /* SliderMenuBar.m */ = {isa = PBXFileReference; fileEncoding = 4; lastKnownFileType = sourcecode.c.objc; path = SliderMenuBar.m; sourceTree = "<group>"; };
		240269AF18038361002A73C3 /* SliderMenuController.h */ = {isa = PBXFileReference; fileEncoding = 4; lastKnownFileType = sourcecode.c.h; path = SliderMenuController.h; sourceTree = "<group>"; };
		240269B018038361002A73C3 /* SliderMenuController.m */ = {isa = PBXFileReference; fileEncoding = 4; lastKnownFileType = sourcecode.c.objc; path = SliderMenuController.m; sourceTree = "<group>"; };
		240269B118038361002A73C3 /* SliderMenuItem.h */ = {isa = PBXFileReference; fileEncoding = 4; lastKnownFileType = sourcecode.c.h; path = SliderMenuItem.h; sourceTree = "<group>"; };
		240269B218038361002A73C3 /* SliderMenuItem.m */ = {isa = PBXFileReference; fileEncoding = 4; lastKnownFileType = sourcecode.c.objc; path = SliderMenuItem.m; sourceTree = "<group>"; };
		240269B318038361002A73C3 /* SliderMenuItemDelegate.h */ = {isa = PBXFileReference; fileEncoding = 4; lastKnownFileType = sourcecode.c.h; path = SliderMenuItemDelegate.h; sourceTree = "<group>"; };
		240269B418038361002A73C3 /* SliderViewController.h */ = {isa = PBXFileReference; fileEncoding = 4; lastKnownFileType = sourcecode.c.h; path = SliderViewController.h; sourceTree = "<group>"; };
		240269B518038361002A73C3 /* SliderViewController.m */ = {isa = PBXFileReference; fileEncoding = 4; lastKnownFileType = sourcecode.c.objc; path = SliderViewController.m; sourceTree = "<group>"; };
		240269B618038361002A73C3 /* UIImage+ColorImage.h */ = {isa = PBXFileReference; fileEncoding = 4; lastKnownFileType = sourcecode.c.h; path = "UIImage+ColorImage.h"; sourceTree = "<group>"; };
		240269B718038361002A73C3 /* UIImage+ColorImage.m */ = {isa = PBXFileReference; fileEncoding = 4; lastKnownFileType = sourcecode.c.objc; path = "UIImage+ColorImage.m"; sourceTree = "<group>"; };
		240269C41803878D002A73C3 /* Mathematic-Plus-icon.png */ = {isa = PBXFileReference; lastKnownFileType = image.png; path = "Mathematic-Plus-icon.png"; sourceTree = "<group>"; };
		240269C51803878D002A73C3 /* System-Login-icon.png */ = {isa = PBXFileReference; lastKnownFileType = image.png; path = "System-Login-icon.png"; sourceTree = "<group>"; };
		240269C61803878D002A73C3 /* Buzz-Private-icon.png */ = {isa = PBXFileReference; lastKnownFileType = image.png; path = "Buzz-Private-icon.png"; sourceTree = "<group>"; };
		2406542D17FBC7920082E06A /* HomeViewController.h */ = {isa = PBXFileReference; fileEncoding = 4; lastKnownFileType = sourcecode.c.h; path = HomeViewController.h; sourceTree = "<group>"; };
		2406542E17FBC7920082E06A /* HomeViewController.m */ = {isa = PBXFileReference; fileEncoding = 4; lastKnownFileType = sourcecode.c.objc; path = HomeViewController.m; sourceTree = "<group>"; };
		2406543117FBC9C30082E06A /* SignUpViewController.h */ = {isa = PBXFileReference; fileEncoding = 4; lastKnownFileType = sourcecode.c.h; path = SignUpViewController.h; sourceTree = "<group>"; };
		2406543217FBC9C30082E06A /* SignUpViewController.m */ = {isa = PBXFileReference; fileEncoding = 4; lastKnownFileType = sourcecode.c.objc; path = SignUpViewController.m; sourceTree = "<group>"; };
		242E66D918034E8900B8722F /* ResetPasswordViewController.h */ = {isa = PBXFileReference; fileEncoding = 4; lastKnownFileType = sourcecode.c.h; path = ResetPasswordViewController.h; sourceTree = "<group>"; };
		242E66DA18034E8900B8722F /* ResetPasswordViewController.m */ = {isa = PBXFileReference; fileEncoding = 4; lastKnownFileType = sourcecode.c.objc; path = ResetPasswordViewController.m; sourceTree = "<group>"; };
		2433209717FCF837009F9E2A /* Security.framework */ = {isa = PBXFileReference; lastKnownFileType = wrapper.framework; name = Security.framework; path = System/Library/Frameworks/Security.framework; sourceTree = SDKROOT; };
		2433209D17FCFFB5009F9E2A /* KeychainItemWrapper.h */ = {isa = PBXFileReference; fileEncoding = 4; lastKnownFileType = sourcecode.c.h; path = KeychainItemWrapper.h; sourceTree = "<group>"; };
		2433209E17FCFFB5009F9E2A /* KeychainItemWrapper.m */ = {isa = PBXFileReference; fileEncoding = 4; lastKnownFileType = sourcecode.c.objc; path = KeychainItemWrapper.m; sourceTree = "<group>"; };
		24482A9D17FD242E00E788D9 /* AppDelegateTests.m */ = {isa = PBXFileReference; fileEncoding = 4; lastKnownFileType = sourcecode.c.objc; path = AppDelegateTests.m; sourceTree = "<group>"; };
		24482A9F17FE210200E788D9 /* SignUpViewControllerTests.m */ = {isa = PBXFileReference; fileEncoding = 4; lastKnownFileType = sourcecode.c.objc; path = SignUpViewControllerTests.m; sourceTree = "<group>"; };
		24686B1317F28A2400400634 /* NetCommunicator.h */ = {isa = PBXFileReference; fileEncoding = 4; lastKnownFileType = sourcecode.c.h; path = NetCommunicator.h; sourceTree = "<group>"; };
		24686B1417F28A2400400634 /* NetCommunicator.m */ = {isa = PBXFileReference; fileEncoding = 4; lastKnownFileType = sourcecode.c.objc; path = NetCommunicator.m; sourceTree = "<group>"; };
		24686B1A17F296ED00400634 /* NSNotificationCenter+OCMAdditions.h */ = {isa = PBXFileReference; fileEncoding = 4; lastKnownFileType = sourcecode.c.h; path = "NSNotificationCenter+OCMAdditions.h"; sourceTree = "<group>"; };
		24686B1B17F296ED00400634 /* OCMArg.h */ = {isa = PBXFileReference; fileEncoding = 4; lastKnownFileType = sourcecode.c.h; path = OCMArg.h; sourceTree = "<group>"; };
		24686B1C17F296ED00400634 /* OCMConstraint.h */ = {isa = PBXFileReference; fileEncoding = 4; lastKnownFileType = sourcecode.c.h; path = OCMConstraint.h; sourceTree = "<group>"; };
		24686B1D17F296ED00400634 /* OCMock.h */ = {isa = PBXFileReference; fileEncoding = 4; lastKnownFileType = sourcecode.c.h; path = OCMock.h; sourceTree = "<group>"; };
		24686B1E17F296ED00400634 /* OCMockObject.h */ = {isa = PBXFileReference; fileEncoding = 4; lastKnownFileType = sourcecode.c.h; path = OCMockObject.h; sourceTree = "<group>"; };
		24686B1F17F296ED00400634 /* OCMockRecorder.h */ = {isa = PBXFileReference; fileEncoding = 4; lastKnownFileType = sourcecode.c.h; path = OCMockRecorder.h; sourceTree = "<group>"; };
		24686B2117F296ED00400634 /* libOCMock.a */ = {isa = PBXFileReference; lastKnownFileType = archive.ar; path = libOCMock.a; sourceTree = "<group>"; };
		24A80B39180508EC00B87350 /* ResetPasswordViewControllerTests.m */ = {isa = PBXFileReference; fileEncoding = 4; lastKnownFileType = sourcecode.c.objc; path = ResetPasswordViewControllerTests.m; sourceTree = "<group>"; };
		24CAD31D17FB7AFD003D2A5D /* LoginViewControllerTests.m */ = {isa = PBXFileReference; fileEncoding = 4; lastKnownFileType = sourcecode.c.objc; path = LoginViewControllerTests.m; sourceTree = "<group>"; };
		24CAD31F17FB7B0C003D2A5D /* LoginViewController.h */ = {isa = PBXFileReference; fileEncoding = 4; lastKnownFileType = sourcecode.c.h; path = LoginViewController.h; sourceTree = "<group>"; };
		24CAD32017FB7B0C003D2A5D /* LoginViewController.m */ = {isa = PBXFileReference; fileEncoding = 4; lastKnownFileType = sourcecode.c.objc; path = LoginViewController.m; sourceTree = "<group>"; };
		24EE4E1C1804E4970090FB21 /* logoutSegue.h */ = {isa = PBXFileReference; fileEncoding = 4; lastKnownFileType = sourcecode.c.h; path = logoutSegue.h; sourceTree = "<group>"; };
		24EE4E1D1804E4970090FB21 /* logoutSegue.m */ = {isa = PBXFileReference; fileEncoding = 4; lastKnownFileType = sourcecode.c.objc; path = logoutSegue.m; sourceTree = "<group>"; };
		24EE4E1F1804EB0A0090FB21 /* LoginSliderMenuViewController.h */ = {isa = PBXFileReference; fileEncoding = 4; lastKnownFileType = sourcecode.c.h; path = LoginSliderMenuViewController.h; sourceTree = "<group>"; };
		24EE4E201804EB0A0090FB21 /* LoginSliderMenuViewController.m */ = {isa = PBXFileReference; fileEncoding = 4; lastKnownFileType = sourcecode.c.objc; path = LoginSliderMenuViewController.m; sourceTree = "<group>"; };
		24F665B817F68D0B00405CF9 /* NetCommunicatorTests.m */ = {isa = PBXFileReference; fileEncoding = 4; lastKnownFileType = sourcecode.c.objc; path = NetCommunicatorTests.m; sourceTree = "<group>"; };
		24F665BE17F7855F00405CF9 /* NetCommunicatorDelegate.h */ = {isa = PBXFileReference; fileEncoding = 4; lastKnownFileType = sourcecode.c.h; path = NetCommunicatorDelegate.h; sourceTree = "<group>"; };
		24F665BF17F78A5A00405CF9 /* MockNetCommunicatorDelegate.h */ = {isa = PBXFileReference; fileEncoding = 4; lastKnownFileType = sourcecode.c.h; path = MockNetCommunicatorDelegate.h; sourceTree = "<group>"; };
		24F665C017F78A5A00405CF9 /* MockNetCommunicatorDelegate.m */ = {isa = PBXFileReference; fileEncoding = 4; lastKnownFileType = sourcecode.c.objc; path = MockNetCommunicatorDelegate.m; sourceTree = "<group>"; };
		24F665C317F7E3EC00405CF9 /* AuthenticationManagerDelegate.h */ = {isa = PBXFileReference; fileEncoding = 4; lastKnownFileType = sourcecode.c.h; path = AuthenticationManagerDelegate.h; sourceTree = "<group>"; };
		24F665C717F7E47B00405CF9 /* MockAuthenticationManagerDelegate.h */ = {isa = PBXFileReference; fileEncoding = 4; lastKnownFileType = sourcecode.c.h; path = MockAuthenticationManagerDelegate.h; sourceTree = "<group>"; };
		24F665C817F7E47B00405CF9 /* MockAuthenticationManagerDelegate.m */ = {isa = PBXFileReference; fileEncoding = 4; lastKnownFileType = sourcecode.c.objc; path = MockAuthenticationManagerDelegate.m; sourceTree = "<group>"; };
/* End PBXFileReference section */

/* Begin PBXFrameworksBuildPhase section */
		2400025017F274F800097802 /* Frameworks */ = {
			isa = PBXFrameworksBuildPhase;
			buildActionMask = 2147483647;
			files = (
				2400025917F274F800097802 /* CoreGraphics.framework in Frameworks */,
				2400025B17F274F800097802 /* UIKit.framework in Frameworks */,
				2400025717F274F800097802 /* Foundation.framework in Frameworks */,
			);
			runOnlyForDeploymentPostprocessing = 0;
		};
		2400027417F274F900097802 /* Frameworks */ = {
			isa = PBXFrameworksBuildPhase;
			buildActionMask = 2147483647;
			files = (
				2433209817FCF837009F9E2A /* Security.framework in Frameworks */,
				2400027917F274F900097802 /* XCTest.framework in Frameworks */,
				24686B2217F296ED00400634 /* libOCMock.a in Frameworks */,
				2400027B17F274F900097802 /* UIKit.framework in Frameworks */,
				2400027A17F274F900097802 /* Foundation.framework in Frameworks */,
			);
			runOnlyForDeploymentPostprocessing = 0;
		};
/* End PBXFrameworksBuildPhase section */

/* Begin PBXGroup section */
		2400024A17F274F800097802 = {
			isa = PBXGroup;
			children = (
				2400025C17F274F800097802 /* iOS-login-boilerplate */,
				2400027E17F274F900097802 /* iOS-login-boilerplateTests */,
				2400025517F274F800097802 /* Frameworks */,
				2400025417F274F800097802 /* Products */,
				24686B1717F296ED00400634 /* usr */,
			);
			sourceTree = "<group>";
		};
		2400025417F274F800097802 /* Products */ = {
			isa = PBXGroup;
			children = (
				2400025317F274F800097802 /* iOS-login-boilerplate.app */,
				2400027717F274F900097802 /* iOS-login-boilerplateTests.xctest */,
			);
			name = Products;
			sourceTree = "<group>";
		};
		2400025517F274F800097802 /* Frameworks */ = {
			isa = PBXGroup;
			children = (
				2433209717FCF837009F9E2A /* Security.framework */,
				2400025617F274F800097802 /* Foundation.framework */,
				2400025817F274F800097802 /* CoreGraphics.framework */,
				2400025A17F274F800097802 /* UIKit.framework */,
				2400027817F274F900097802 /* XCTest.framework */,
			);
			name = Frameworks;
			sourceTree = "<group>";
		};
		2400025C17F274F800097802 /* iOS-login-boilerplate */ = {
			isa = PBXGroup;
			children = (
				2400026517F274F800097802 /* AppDelegate.h */,
				2400026617F274F800097802 /* AppDelegate.m */,
				242E66CB18034CDA00B8722F /* SliderMenu */,
				2400026817F274F800097802 /* Main_iPhone.storyboard */,
				2400026B17F274F800097802 /* Main_iPad.storyboard */,
				24EE4E1F1804EB0A0090FB21 /* LoginSliderMenuViewController.h */,
				24EE4E201804EB0A0090FB21 /* LoginSliderMenuViewController.m */,
				24CAD31F17FB7B0C003D2A5D /* LoginViewController.h */,
				24CAD32017FB7B0C003D2A5D /* LoginViewController.m */,
				2406543117FBC9C30082E06A /* SignUpViewController.h */,
				2406543217FBC9C30082E06A /* SignUpViewController.m */,
				242E66D918034E8900B8722F /* ResetPasswordViewController.h */,
				242E66DA18034E8900B8722F /* ResetPasswordViewController.m */,
				2406542D17FBC7920082E06A /* HomeViewController.h */,
				2406542E17FBC7920082E06A /* HomeViewController.m */,
				2400027117F274F900097802 /* Images.xcassets */,
				2400025D17F274F800097802 /* Supporting Files */,
				240269BD18038385002A73C3 /* Art */,
				2400029017F2754F00097802 /* AuthenticationManager.h */,
				2400029117F2754F00097802 /* AuthenticationManager.m */,
				24F665C317F7E3EC00405CF9 /* AuthenticationManagerDelegate.h */,
				2400029417F27DC900097802 /* Session.h */,
				2400029517F27DC900097802 /* Session.m */,
				24686B1317F28A2400400634 /* NetCommunicator.h */,
				24686B1417F28A2400400634 /* NetCommunicator.m */,
				24F665BE17F7855F00405CF9 /* NetCommunicatorDelegate.h */,
				2433209D17FCFFB5009F9E2A /* KeychainItemWrapper.h */,
				2433209E17FCFFB5009F9E2A /* KeychainItemWrapper.m */,
				24EE4E1C1804E4970090FB21 /* logoutSegue.h */,
				24EE4E1D1804E4970090FB21 /* logoutSegue.m */,
			);
			path = "iOS-login-boilerplate";
			sourceTree = "<group>";
		};
		2400025D17F274F800097802 /* Supporting Files */ = {
			isa = PBXGroup;
			children = (
				2400025E17F274F800097802 /* iOS-login-boilerplate-Info.plist */,
				2400025F17F274F800097802 /* InfoPlist.strings */,
				2400026217F274F800097802 /* main.m */,
				2400026417F274F800097802 /* iOS-login-boilerplate-Prefix.pch */,
			);
			name = "Supporting Files";
			sourceTree = "<group>";
		};
		2400027E17F274F900097802 /* iOS-login-boilerplateTests */ = {
			isa = PBXGroup;
			children = (
				2400027F17F274F900097802 /* Supporting Files */,
				24CAD31D17FB7AFD003D2A5D /* LoginViewControllerTests.m */,
				24482A9F17FE210200E788D9 /* SignUpViewControllerTests.m */,
				24A80B39180508EC00B87350 /* ResetPasswordViewControllerTests.m */,
				2400028E17F2754200097802 /* AuthenticationManagerTests.m */,
				24F665B817F68D0B00405CF9 /* NetCommunicatorTests.m */,
				2400029817F27DD600097802 /* SessionTests.m */,
				24482A9D17FD242E00E788D9 /* AppDelegateTests.m */,
				24F665BF17F78A5A00405CF9 /* MockNetCommunicatorDelegate.h */,
				24F665C017F78A5A00405CF9 /* MockNetCommunicatorDelegate.m */,
				24F665C717F7E47B00405CF9 /* MockAuthenticationManagerDelegate.h */,
				24F665C817F7E47B00405CF9 /* MockAuthenticationManagerDelegate.m */,
			);
			path = "iOS-login-boilerplateTests";
			sourceTree = "<group>";
		};
		2400027F17F274F900097802 /* Supporting Files */ = {
			isa = PBXGroup;
			children = (
				2400028017F274F900097802 /* iOS-login-boilerplateTests-Info.plist */,
				2400028117F274F900097802 /* InfoPlist.strings */,
			);
			name = "Supporting Files";
			sourceTree = "<group>";
		};
		240269BD18038385002A73C3 /* Art */ = {
			isa = PBXGroup;
			children = (
				240269C41803878D002A73C3 /* Mathematic-Plus-icon.png */,
				240269C51803878D002A73C3 /* System-Login-icon.png */,
				240269C61803878D002A73C3 /* Buzz-Private-icon.png */,
			);
			name = Art;
			sourceTree = "<group>";
		};
		242E66CB18034CDA00B8722F /* SliderMenu */ = {
			isa = PBXGroup;
			children = (
				240269AD18038361002A73C3 /* SliderMenuBar.h */,
				240269AE18038361002A73C3 /* SliderMenuBar.m */,
				240269AF18038361002A73C3 /* SliderMenuController.h */,
				240269B018038361002A73C3 /* SliderMenuController.m */,
				240269B118038361002A73C3 /* SliderMenuItem.h */,
				240269B218038361002A73C3 /* SliderMenuItem.m */,
				240269B318038361002A73C3 /* SliderMenuItemDelegate.h */,
				240269B418038361002A73C3 /* SliderViewController.h */,
				240269B518038361002A73C3 /* SliderViewController.m */,
				240269B618038361002A73C3 /* UIImage+ColorImage.h */,
				240269B718038361002A73C3 /* UIImage+ColorImage.m */,
			);
			name = SliderMenu;
			sourceTree = "<group>";
		};
		24686B1717F296ED00400634 /* usr */ = {
			isa = PBXGroup;
			children = (
				24686B1817F296ED00400634 /* include */,
				24686B2017F296ED00400634 /* lib */,
			);
			path = usr;
			sourceTree = "<group>";
		};
		24686B1817F296ED00400634 /* include */ = {
			isa = PBXGroup;
			children = (
				24686B1917F296ED00400634 /* OCMock */,
			);
			path = include;
			sourceTree = "<group>";
		};
		24686B1917F296ED00400634 /* OCMock */ = {
			isa = PBXGroup;
			children = (
				24686B1A17F296ED00400634 /* NSNotificationCenter+OCMAdditions.h */,
				24686B1B17F296ED00400634 /* OCMArg.h */,
				24686B1C17F296ED00400634 /* OCMConstraint.h */,
				24686B1D17F296ED00400634 /* OCMock.h */,
				24686B1E17F296ED00400634 /* OCMockObject.h */,
				24686B1F17F296ED00400634 /* OCMockRecorder.h */,
			);
			path = OCMock;
			sourceTree = "<group>";
		};
		24686B2017F296ED00400634 /* lib */ = {
			isa = PBXGroup;
			children = (
				24686B2117F296ED00400634 /* libOCMock.a */,
			);
			path = lib;
			sourceTree = "<group>";
		};
/* End PBXGroup section */

/* Begin PBXNativeTarget section */
		2400025217F274F800097802 /* iOS-login-boilerplate */ = {
			isa = PBXNativeTarget;
			buildConfigurationList = 2400028817F274F900097802 /* Build configuration list for PBXNativeTarget "iOS-login-boilerplate" */;
			buildPhases = (
				2400024F17F274F800097802 /* Sources */,
				2400025017F274F800097802 /* Frameworks */,
				2400025117F274F800097802 /* Resources */,
			);
			buildRules = (
			);
			dependencies = (
			);
			name = "iOS-login-boilerplate";
			productName = "iOS-login-boilerplate";
			productReference = 2400025317F274F800097802 /* iOS-login-boilerplate.app */;
			productType = "com.apple.product-type.application";
		};
		2400027617F274F900097802 /* iOS-login-boilerplateTests */ = {
			isa = PBXNativeTarget;
			buildConfigurationList = 2400028B17F274F900097802 /* Build configuration list for PBXNativeTarget "iOS-login-boilerplateTests" */;
			buildPhases = (
				2400027317F274F900097802 /* Sources */,
				2400027417F274F900097802 /* Frameworks */,
				2400027517F274F900097802 /* Resources */,
			);
			buildRules = (
			);
			dependencies = (
				2400027D17F274F900097802 /* PBXTargetDependency */,
			);
			name = "iOS-login-boilerplateTests";
			productName = "iOS-login-boilerplateTests";
			productReference = 2400027717F274F900097802 /* iOS-login-boilerplateTests.xctest */;
			productType = "com.apple.product-type.bundle.unit-test";
		};
/* End PBXNativeTarget section */

/* Begin PBXProject section */
		2400024B17F274F800097802 /* Project object */ = {
			isa = PBXProject;
			attributes = {
				LastUpgradeCheck = 0500;
				ORGANIZATIONNAME = "michael whitehead";
				TargetAttributes = {
					2400027617F274F900097802 = {
						TestTargetID = 2400025217F274F800097802;
					};
				};
			};
			buildConfigurationList = 2400024E17F274F800097802 /* Build configuration list for PBXProject "iOS-login-boilerplate" */;
			compatibilityVersion = "Xcode 3.2";
			developmentRegion = English;
			hasScannedForEncodings = 0;
			knownRegions = (
				en,
				Base,
			);
			mainGroup = 2400024A17F274F800097802;
			productRefGroup = 2400025417F274F800097802 /* Products */;
			projectDirPath = "";
			projectRoot = "";
			targets = (
				2400025217F274F800097802 /* iOS-login-boilerplate */,
				2400027617F274F900097802 /* iOS-login-boilerplateTests */,
			);
		};
/* End PBXProject section */

/* Begin PBXResourcesBuildPhase section */
		2400025117F274F800097802 /* Resources */ = {
			isa = PBXResourcesBuildPhase;
			buildActionMask = 2147483647;
			files = (
				240269C91803878D002A73C3 /* Buzz-Private-icon.png in Resources */,
				2400026D17F274F800097802 /* Main_iPad.storyboard in Resources */,
				240269C81803878D002A73C3 /* System-Login-icon.png in Resources */,
				2400027217F274F900097802 /* Images.xcassets in Resources */,
				2400026A17F274F800097802 /* Main_iPhone.storyboard in Resources */,
				2400026117F274F800097802 /* InfoPlist.strings in Resources */,
				240269C71803878D002A73C3 /* Mathematic-Plus-icon.png in Resources */,
			);
			runOnlyForDeploymentPostprocessing = 0;
		};
		2400027517F274F900097802 /* Resources */ = {
			isa = PBXResourcesBuildPhase;
			buildActionMask = 2147483647;
			files = (
				2400028317F274F900097802 /* InfoPlist.strings in Resources */,
			);
			runOnlyForDeploymentPostprocessing = 0;
		};
/* End PBXResourcesBuildPhase section */

/* Begin PBXSourcesBuildPhase section */
		2400024F17F274F800097802 /* Sources */ = {
			isa = PBXSourcesBuildPhase;
			buildActionMask = 2147483647;
			files = (
				240269BC18038361002A73C3 /* UIImage+ColorImage.m in Sources */,
				24686B1517F28A2400400634 /* NetCommunicator.m in Sources */,
				240269BB18038361002A73C3 /* SliderViewController.m in Sources */,
				2400029617F27DC900097802 /* Session.m in Sources */,
				240269BA18038361002A73C3 /* SliderMenuItem.m in Sources */,
				24EE4E211804EB0A0090FB21 /* LoginSliderMenuViewController.m in Sources */,
				2400029217F2754F00097802 /* AuthenticationManager.m in Sources */,
				240269B818038361002A73C3 /* SliderMenuBar.m in Sources */,
				24CAD32117FB7B0C003D2A5D /* LoginViewController.m in Sources */,
				240269B918038361002A73C3 /* SliderMenuController.m in Sources */,
				2400026717F274F800097802 /* AppDelegate.m in Sources */,
				242E66DB18034E8900B8722F /* ResetPasswordViewController.m in Sources */,
				24EE4E1E1804E4970090FB21 /* logoutSegue.m in Sources */,
				2400026317F274F800097802 /* main.m in Sources */,
				2406543317FBC9C30082E06A /* SignUpViewController.m in Sources */,
				2406542F17FBC7920082E06A /* HomeViewController.m in Sources */,
				2433209F17FCFFB5009F9E2A /* KeychainItemWrapper.m in Sources */,
			);
			runOnlyForDeploymentPostprocessing = 0;
		};
		2400027317F274F900097802 /* Sources */ = {
			isa = PBXSourcesBuildPhase;
			buildActionMask = 2147483647;
			files = (
				2400029917F27DD600097802 /* SessionTests.m in Sources */,
				24CAD31E17FB7AFD003D2A5D /* LoginViewControllerTests.m in Sources */,
				24F665C117F78A5A00405CF9 /* MockNetCommunicatorDelegate.m in Sources */,
				2400028F17F2754200097802 /* AuthenticationManagerTests.m in Sources */,
				24482AA017FE210200E788D9 /* SignUpViewControllerTests.m in Sources */,
				24482A9E17FD242E00E788D9 /* AppDelegateTests.m in Sources */,
				24F665B917F68D0B00405CF9 /* NetCommunicatorTests.m in Sources */,
				24A80B3A180508EC00B87350 /* ResetPasswordViewControllerTests.m in Sources */,
				24F665C917F7E47B00405CF9 /* MockAuthenticationManagerDelegate.m in Sources */,
				2400029717F27DC900097802 /* Session.m in Sources */,
			);
			runOnlyForDeploymentPostprocessing = 0;
		};
/* End PBXSourcesBuildPhase section */

/* Begin PBXTargetDependency section */
		2400027D17F274F900097802 /* PBXTargetDependency */ = {
			isa = PBXTargetDependency;
			target = 2400025217F274F800097802 /* iOS-login-boilerplate */;
			targetProxy = 2400027C17F274F900097802 /* PBXContainerItemProxy */;
		};
/* End PBXTargetDependency section */

/* Begin PBXVariantGroup section */
		2400025F17F274F800097802 /* InfoPlist.strings */ = {
			isa = PBXVariantGroup;
			children = (
				2400026017F274F800097802 /* en */,
			);
			name = InfoPlist.strings;
			sourceTree = "<group>";
		};
		2400026817F274F800097802 /* Main_iPhone.storyboard */ = {
			isa = PBXVariantGroup;
			children = (
				2400026917F274F800097802 /* Base */,
			);
			name = Main_iPhone.storyboard;
			sourceTree = "<group>";
		};
		2400026B17F274F800097802 /* Main_iPad.storyboard */ = {
			isa = PBXVariantGroup;
			children = (
				2400026C17F274F800097802 /* Base */,
			);
			name = Main_iPad.storyboard;
			sourceTree = "<group>";
		};
		2400028117F274F900097802 /* InfoPlist.strings */ = {
			isa = PBXVariantGroup;
			children = (
				2400028217F274F900097802 /* en */,
			);
			name = InfoPlist.strings;
			sourceTree = "<group>";
		};
/* End PBXVariantGroup section */

/* Begin XCBuildConfiguration section */
		2400028617F274F900097802 /* Debug */ = {
			isa = XCBuildConfiguration;
			buildSettings = {
				ALWAYS_SEARCH_USER_PATHS = NO;
				ARCHS = "$(ARCHS_STANDARD_INCLUDING_64_BIT)";
				CLANG_CXX_LANGUAGE_STANDARD = "gnu++0x";
				CLANG_CXX_LIBRARY = "libc++";
				CLANG_ENABLE_MODULES = YES;
				CLANG_ENABLE_OBJC_ARC = YES;
				CLANG_WARN_BOOL_CONVERSION = YES;
				CLANG_WARN_CONSTANT_CONVERSION = YES;
				CLANG_WARN_DIRECT_OBJC_ISA_USAGE = YES_ERROR;
				CLANG_WARN_EMPTY_BODY = YES;
				CLANG_WARN_ENUM_CONVERSION = YES;
				CLANG_WARN_INT_CONVERSION = YES;
				CLANG_WARN_OBJC_ROOT_CLASS = YES_ERROR;
				CLANG_WARN__DUPLICATE_METHOD_MATCH = YES;
				"CODE_SIGN_IDENTITY[sdk=iphoneos*]" = "iPhone Developer";
				COPY_PHASE_STRIP = NO;
				GCC_C_LANGUAGE_STANDARD = gnu99;
				GCC_DYNAMIC_NO_PIC = NO;
				GCC_OPTIMIZATION_LEVEL = 0;
				GCC_PREPROCESSOR_DEFINITIONS = (
					"DEBUG=1",
					"$(inherited)",
				);
				GCC_SYMBOLS_PRIVATE_EXTERN = NO;
				GCC_WARN_64_TO_32_BIT_CONVERSION = YES;
				GCC_WARN_ABOUT_RETURN_TYPE = YES_ERROR;
				GCC_WARN_UNDECLARED_SELECTOR = YES;
				GCC_WARN_UNINITIALIZED_AUTOS = YES;
				GCC_WARN_UNUSED_FUNCTION = YES;
				GCC_WARN_UNUSED_VARIABLE = YES;
				IPHONEOS_DEPLOYMENT_TARGET = 7.0;
				ONLY_ACTIVE_ARCH = YES;
				SDKROOT = iphoneos;
				TARGETED_DEVICE_FAMILY = "1,2";
			};
			name = Debug;
		};
		2400028717F274F900097802 /* Release */ = {
			isa = XCBuildConfiguration;
			buildSettings = {
				ALWAYS_SEARCH_USER_PATHS = NO;
				ARCHS = "$(ARCHS_STANDARD_INCLUDING_64_BIT)";
				CLANG_CXX_LANGUAGE_STANDARD = "gnu++0x";
				CLANG_CXX_LIBRARY = "libc++";
				CLANG_ENABLE_MODULES = YES;
				CLANG_ENABLE_OBJC_ARC = YES;
				CLANG_WARN_BOOL_CONVERSION = YES;
				CLANG_WARN_CONSTANT_CONVERSION = YES;
				CLANG_WARN_DIRECT_OBJC_ISA_USAGE = YES_ERROR;
				CLANG_WARN_EMPTY_BODY = YES;
				CLANG_WARN_ENUM_CONVERSION = YES;
				CLANG_WARN_INT_CONVERSION = YES;
				CLANG_WARN_OBJC_ROOT_CLASS = YES_ERROR;
				CLANG_WARN__DUPLICATE_METHOD_MATCH = YES;
				"CODE_SIGN_IDENTITY[sdk=iphoneos*]" = "iPhone Developer";
				COPY_PHASE_STRIP = YES;
				ENABLE_NS_ASSERTIONS = NO;
				GCC_C_LANGUAGE_STANDARD = gnu99;
				GCC_WARN_64_TO_32_BIT_CONVERSION = YES;
				GCC_WARN_ABOUT_RETURN_TYPE = YES_ERROR;
				GCC_WARN_UNDECLARED_SELECTOR = YES;
				GCC_WARN_UNINITIALIZED_AUTOS = YES;
				GCC_WARN_UNUSED_FUNCTION = YES;
				GCC_WARN_UNUSED_VARIABLE = YES;
				IPHONEOS_DEPLOYMENT_TARGET = 7.0;
				SDKROOT = iphoneos;
				TARGETED_DEVICE_FAMILY = "1,2";
				VALIDATE_PRODUCT = YES;
			};
			name = Release;
		};
		2400028917F274F900097802 /* Debug */ = {
			isa = XCBuildConfiguration;
			buildSettings = {
				ASSETCATALOG_COMPILER_APPICON_NAME = AppIcon;
				ASSETCATALOG_COMPILER_LAUNCHIMAGE_NAME = LaunchImage;
				GCC_PRECOMPILE_PREFIX_HEADER = YES;
				GCC_PREFIX_HEADER = "iOS-login-boilerplate/iOS-login-boilerplate-Prefix.pch";
				INFOPLIST_FILE = "iOS-login-boilerplate/iOS-login-boilerplate-Info.plist";
				PRODUCT_NAME = "$(TARGET_NAME)";
				WRAPPER_EXTENSION = app;
			};
			name = Debug;
		};
		2400028A17F274F900097802 /* Release */ = {
			isa = XCBuildConfiguration;
			buildSettings = {
				ASSETCATALOG_COMPILER_APPICON_NAME = AppIcon;
				ASSETCATALOG_COMPILER_LAUNCHIMAGE_NAME = LaunchImage;
				GCC_PRECOMPILE_PREFIX_HEADER = YES;
				GCC_PREFIX_HEADER = "iOS-login-boilerplate/iOS-login-boilerplate-Prefix.pch";
				INFOPLIST_FILE = "iOS-login-boilerplate/iOS-login-boilerplate-Info.plist";
				PRODUCT_NAME = "$(TARGET_NAME)";
				WRAPPER_EXTENSION = app;
			};
			name = Release;
		};
		2400028C17F274F900097802 /* Debug */ = {
			isa = XCBuildConfiguration;
			buildSettings = {
				ARCHS = "$(ARCHS_STANDARD_INCLUDING_64_BIT)";
				BUNDLE_LOADER = "$(BUILT_PRODUCTS_DIR)/iOS-login-boilerplate.app/iOS-login-boilerplate";
				FRAMEWORK_SEARCH_PATHS = (
					"$(SDKROOT)/Developer/Library/Frameworks",
					"$(inherited)",
					"$(DEVELOPER_FRAMEWORKS_DIR)",
				);
				GCC_PRECOMPILE_PREFIX_HEADER = YES;
				GCC_PREFIX_HEADER = "iOS-login-boilerplate/iOS-login-boilerplate-Prefix.pch";
				GCC_PREPROCESSOR_DEFINITIONS = (
					"DEBUG=1",
					"$(inherited)",
				);
				HEADER_SEARCH_PATHS = (
					"$(inherited)",
					/Applications/Xcode.app/Contents/Developer/Toolchains/XcodeDefault.xctoolchain/usr/include,
					"$(SRCROOT)/usr/include",
				);
				INFOPLIST_FILE = "iOS-login-boilerplateTests/iOS-login-boilerplateTests-Info.plist";
				LIBRARY_SEARCH_PATHS = (
					"$(inherited)",
					"/Users/whitehead1415/Documents/iOS-login-boilerplate/usr/lib",
				);
				OTHER_LDFLAGS = (
					"$(inherited)",
					"-framework",
					XCTest,
					"-ObjC",
				);
				PRODUCT_NAME = "$(TARGET_NAME)";
				TEST_HOST = "$(BUNDLE_LOADER)";
				WRAPPER_EXTENSION = xctest;
			};
			name = Debug;
		};
		2400028D17F274F900097802 /* Release */ = {
			isa = XCBuildConfiguration;
			buildSettings = {
				ARCHS = "$(ARCHS_STANDARD_INCLUDING_64_BIT)";
				BUNDLE_LOADER = "$(BUILT_PRODUCTS_DIR)/iOS-login-boilerplate.app/iOS-login-boilerplate";
				FRAMEWORK_SEARCH_PATHS = (
					"$(SDKROOT)/Developer/Library/Frameworks",
					"$(inherited)",
					"$(DEVELOPER_FRAMEWORKS_DIR)",
				);
				GCC_PRECOMPILE_PREFIX_HEADER = YES;
				GCC_PREFIX_HEADER = "iOS-login-boilerplate/iOS-login-boilerplate-Prefix.pch";
				HEADER_SEARCH_PATHS = (
					"$(inherited)",
					/Applications/Xcode.app/Contents/Developer/Toolchains/XcodeDefault.xctoolchain/usr/include,
					"$(SRCROOT)/usr/include",
				);
				INFOPLIST_FILE = "iOS-login-boilerplateTests/iOS-login-boilerplateTests-Info.plist";
				LIBRARY_SEARCH_PATHS = (
					"$(inherited)",
					"/Users/whitehead1415/Documents/iOS-login-boilerplate/usr/lib",
				);
				OTHER_LDFLAGS = (
					"$(inherited)",
					"-framework",
					XCTest,
					"-ObjC",
				);
				PRODUCT_NAME = "$(TARGET_NAME)";
				TEST_HOST = "$(BUNDLE_LOADER)";
				WRAPPER_EXTENSION = xctest;
			};
			name = Release;
		};
/* End XCBuildConfiguration section */

/* Begin XCConfigurationList section */
		2400024E17F274F800097802 /* Build configuration list for PBXProject "iOS-login-boilerplate" */ = {
			isa = XCConfigurationList;
			buildConfigurations = (
				2400028617F274F900097802 /* Debug */,
				2400028717F274F900097802 /* Release */,
			);
			defaultConfigurationIsVisible = 0;
			defaultConfigurationName = Release;
		};
		2400028817F274F900097802 /* Build configuration list for PBXNativeTarget "iOS-login-boilerplate" */ = {
			isa = XCConfigurationList;
			buildConfigurations = (
				2400028917F274F900097802 /* Debug */,
				2400028A17F274F900097802 /* Release */,
			);
			defaultConfigurationIsVisible = 0;
			defaultConfigurationName = Release;
		};
		2400028B17F274F900097802 /* Build configuration list for PBXNativeTarget "iOS-login-boilerplateTests" */ = {
			isa = XCConfigurationList;
			buildConfigurations = (
				2400028C17F274F900097802 /* Debug */,
				2400028D17F274F900097802 /* Release */,
			);
			defaultConfigurationIsVisible = 0;
			defaultConfigurationName = Release;
		};
/* End XCConfigurationList section */
	};
	rootObject = 2400024B17F274F800097802 /* Project object */;
}
